
Microsoft Visual Studio Solution File, Format Version 12.00
# Visual Studio Version 16
VisualStudioVersion = 16.0.29806.167
MinimumVisualStudioVersion = 10.0.40219.1
Project("{FAE04EC0-301F-11D3-BF4B-00C04F79EFBC}") = "SProcsMaker", "SProcsMaker.csproj", "{A70F76CD-3C38-4BA3-A8D1-1D1F371A9749}"
EndProject
Project("{FAE04EC0-301F-11D3-BF4B-00C04F79EFBC}") = "IndexMaker", "..\IndexMaker\IndexMaker.csproj", "{613C43FD-C7A9-4510-B565-83FF5076B7D5}"
EndProject
Global
	GlobalSection(SolutionConfigurationPlatforms) = preSolution
		Debug|Any CPU = Debug|Any CPU
		Release|Any CPU = Release|Any CPU
	EndGlobalSection
	GlobalSection(ProjectConfigurationPlatforms) = postSolution
		{A70F76CD-3C38-4BA3-A8D1-1D1F371A9749}.Debug|Any CPU.ActiveCfg = Debug|Any CPU
		{A70F76CD-3C38-4BA3-A8D1-1D1F371A9749}.Debug|Any CPU.Build.0 = Debug|Any CPU
		{A70F76CD-3C38-4BA3-A8D1-1D1F371A9749}.Release|Any CPU.ActiveCfg = Release|Any CPU
		{A70F76CD-3C38-4BA3-A8D1-1D1F371A9749}.Release|Any CPU.Build.0 = Release|Any CPU
		{613C43FD-C7A9-4510-B565-83FF5076B7D5}.Debug|Any CPU.ActiveCfg = Debug|Any CPU
		{613C43FD-C7A9-4510-B565-83FF5076B7D5}.Debug|Any CPU.Build.0 = Debug|Any CPU
		{613C43FD-C7A9-4510-B565-83FF5076B7D5}.Release|Any CPU.ActiveCfg = Release|Any CPU
		{613C43FD-C7A9-4510-B565-83FF5076B7D5}.Release|Any CPU.Build.0 = Release|Any CPU
	EndGlobalSection
	GlobalSection(SolutionProperties) = preSolution
		HideSolutionNode = FALSE
	EndGlobalSection
	GlobalSection(ExtensibilityGlobals) = postSolution
		SolutionGuid = {502D96BE-7B91-4B4C-B1C2-A81DDFC25732}
	EndGlobalSection
EndGlobal
